
Microsoft Visual Studio Solution File, Format Version 12.00
# Visual Studio Version 17
VisualStudioVersion = 17.9.34701.34
MinimumVisualStudioVersion = 10.0.40219.1
Project("{FAE04EC0-301F-11D3-BF4B-00C04F79EFBC}") = "CryptohomeAPI", "CryptohomeAPI\CryptohomeAPI.csproj", "{8BCDCE05-A576-4DD5-92D0-571B5D9189B8}"
EndProject
Global
	GlobalSection(SolutionConfigurationPlatforms) = preSolution
		Debug|Any CPU = Debug|Any CPU
		Release|Any CPU = Release|Any CPU
	EndGlobalSection
	GlobalSection(ProjectConfigurationPlatforms) = postSolution
		{8BCDCE05-A576-4DD5-92D0-571B5D9189B8}.Debug|Any CPU.ActiveCfg = Debug|Any CPU
		{8BCDCE05-A576-4DD5-92D0-571B5D9189B8}.Debug|Any CPU.Build.0 = Debug|Any CPU
		{8BCDCE05-A576-4DD5-92D0-571B5D9189B8}.Release|Any CPU.ActiveCfg = Release|Any CPU
		{8BCDCE05-A576-4DD5-92D0-571B5D9189B8}.Release|Any CPU.Build.0 = Release|Any CPU
	EndGlobalSection
	GlobalSection(SolutionProperties) = preSolution
		HideSolutionNode = FALSE
	EndGlobalSection
	GlobalSection(ExtensibilityGlobals) = postSolution
		SolutionGuid = {C1C46EB5-23D2-46D5-8229-5F3848568370}
	EndGlobalSection
EndGlobal
